
Microsoft Visual Studio Solution File, Format Version 12.00
# Visual Studio Version 17
VisualStudioVersion = 17.14.36518.9 d17.14
MinimumVisualStudioVersion = 10.0.40219.1
Project("{FAE04EC0-301F-11D3-BF4B-00C04F79EFBC}") = "Hesap Makinası", "Hesap Makinası\Hesap Makinası.csproj", "{208157EA-59D0-45AF-93F5-7DF8FD4B647B}"
EndProject
Global
	GlobalSection(SolutionConfigurationPlatforms) = preSolution
		Debug|Any CPU = Debug|Any CPU
		Release|Any CPU = Release|Any CPU
	EndGlobalSection
	GlobalSection(ProjectConfigurationPlatforms) = postSolution
		{208157EA-59D0-45AF-93F5-7DF8FD4B647B}.Debug|Any CPU.ActiveCfg = Debug|Any CPU
		{208157EA-59D0-45AF-93F5-7DF8FD4B647B}.Debug|Any CPU.Build.0 = Debug|Any CPU
		{208157EA-59D0-45AF-93F5-7DF8FD4B647B}.Release|Any CPU.ActiveCfg = Release|Any CPU
		{208157EA-59D0-45AF-93F5-7DF8FD4B647B}.Release|Any CPU.Build.0 = Release|Any CPU
	EndGlobalSection
	GlobalSection(SolutionProperties) = preSolution
		HideSolutionNode = FALSE
	EndGlobalSection
	GlobalSection(ExtensibilityGlobals) = postSolution
		SolutionGuid = {B6389B17-C07B-407C-95D3-0E4EBCB96C70}
	EndGlobalSection
EndGlobal
